
Microsoft Visual Studio Solution File, Format Version 12.00
# Visual Studio Version 17
VisualStudioVersion = 17.11.35222.181
MinimumVisualStudioVersion = 10.0.40219.1
Project("{9A19103F-16F7-4668-BE54-9A1E7A4F7556}") = "ProjetoDesenvolvimentoAplicacoesMultplataforma", "ProjetoDesenvolvimentoAplicacoesMultplataforma.csproj", "{5541073B-7DE0-47E5-BCF6-78B01166411A}"
EndProject
Global
	GlobalSection(SolutionConfigurationPlatforms) = preSolution
		Debug|Any CPU = Debug|Any CPU
		Release|Any CPU = Release|Any CPU
	EndGlobalSection
	GlobalSection(ProjectConfigurationPlatforms) = postSolution
		{5541073B-7DE0-47E5-BCF6-78B01166411A}.Debug|Any CPU.ActiveCfg = Debug|Any CPU
		{5541073B-7DE0-47E5-BCF6-78B01166411A}.Debug|Any CPU.Build.0 = Debug|Any CPU
		{5541073B-7DE0-47E5-BCF6-78B01166411A}.Release|Any CPU.ActiveCfg = Release|Any CPU
		{5541073B-7DE0-47E5-BCF6-78B01166411A}.Release|Any CPU.Build.0 = Release|Any CPU
	EndGlobalSection
	GlobalSection(SolutionProperties) = preSolution
		HideSolutionNode = FALSE
	EndGlobalSection
	GlobalSection(ExtensibilityGlobals) = postSolution
		SolutionGuid = {7DA9BB5B-7A97-44A6-B3B6-AA2DDED31A89}
	EndGlobalSection
EndGlobal
